# THIS IS AN AUTOGENERATED FILE. DO NOT EDIT THIS FILE DIRECTLY.
# yarn lockfile v1


"@types/node@^10.3.6":
  version "10.17.13"
  resolved "https://registry.npm.taobao.org/@types/node/download/@types/node-10.17.13.tgz?cache=0&sync_timestamp=1577727780099&other_urls=https%3A%2F%2Fregistry.npm.taobao.org%2F%40types%2Fnode%2Fdownload%2F%40types%2Fnode-10.17.13.tgz#ccebcdb990bd6139cd16e84c39dc2fb1023ca90c"
  integrity sha1-zOvNuZC9YTnNFuhMOdwvsQI8qQw=

"@types/node@^13.1.2":
  version "13.1.2"
  resolved "https://registry.npm.taobao.org/@types/node/download/@types/node-13.1.2.tgz?cache=0&sync_timestamp=1577727780099&other_urls=https%3A%2F%2Fregistry.npm.taobao.org%2F%40types%2Fnode%2Fdownload%2F%40types%2Fnode-13.1.2.tgz#fe94285bf5e0782e1a9e5a8c482b1c34465fa385"
  integrity sha1-/pQoW/XgeC4anlqMSCscNEZfo4U=

arg@^4.1.0:
  version "4.1.2"
  resolved "https://registry.npm.taobao.org/arg/download/arg-4.1.2.tgz?cache=0&sync_timestamp=1574701604705&other_urls=https%3A%2F%2Fregistry.npm.taobao.org%2Farg%2Fdownload%2Farg-4.1.2.tgz#e70c90579e02c63d80e3ad4e31d8bfdb8bd50064"
  integrity sha1-5wyQV54Cxj2A461OMdi/24vVAGQ=

buffer-from@^1.0.0:
  version "1.1.1"
  resolved "https://registry.npm.taobao.org/buffer-from/download/buffer-from-1.1.1.tgz#32713bc028f75c02fdb710d7c7bcec1f2c6070ef"
  integrity sha1-MnE7wCj3XAL9txDXx7zsHyxgcO8=

diff@^4.0.1:
  version "4.0.1"
  resolved "https://registry.npm.taobao.org/diff/download/diff-4.0.1.tgz#0c667cb467ebbb5cea7f14f135cc2dba7780a8ff"
  integrity sha1-DGZ8tGfru1zqfxTxNcwtuneAqP8=

make-error@^1.1.1:
  version "1.3.5"
  resolved "https://registry.npm.taobao.org/make-error/download/make-error-1.3.5.tgz#efe4e81f6db28cadd605c70f29c831b58ef776c8"
  integrity sha1-7+ToH22yjK3WBccPKcgxtY73dsg=

minimist@^1.2.2:
  version "1.2.2"
  resolved "https://registry.yarnpkg.com/minimist/-/minimist-1.2.2.tgz#b00a00230a1108c48c169e69a291aafda3aacd63"
  integrity sha512-rIqbOrKb8GJmx/5bc2M0QchhUouMXSpd1RTclXsB41JdL+VtnojfaJR+h7F9k18/4kHUsBFgk80Uk+q569vjPA==

rd@^2.0.1:
  version "2.0.1"
  resolved "https://registry.npm.taobao.org/rd/download/rd-2.0.1.tgz#e18a8af5b2f7440c0db1523ca04c6e0f9660003f"
  integrity sha1-4YqK9bL3RAwNsVI8oExuD5ZgAD8=
  dependencies:
    "@types/node" "^10.3.6"

source-map-support@^0.5.6:
  version "0.5.16"
  resolved "https://registry.npm.taobao.org/source-map-support/download/source-map-support-0.5.16.tgz?cache=0&sync_timestamp=1572389965235&other_urls=https%3A%2F%2Fregistry.npm.taobao.org%2Fsource-map-support%2Fdownload%2Fsource-map-support-0.5.16.tgz#0ae069e7fe3ba7538c64c98515e35339eac5a042"
  integrity sha1-CuBp5/47p1OMZMmFFeNTOerFoEI=
  dependencies:
    buffer-from "^1.0.0"
    source-map "^0.6.0"

source-map@^0.6.0:
  version "0.6.1"
  resolved "https://registry.npm.taobao.org/source-map/download/source-map-0.6.1.tgz#74722af32e9614e9c287a8d0bbde48b5e2f1a263"
  integrity sha1-dHIq8y6WFOnCh6jQu95IteLxomM=

ts-node@^8.5.4:
  version "8.5.4"
  resolved "https://registry.npm.taobao.org/ts-node/download/ts-node-8.5.4.tgz?cache=0&other_urls=https%3A%2F%2Fregistry.npm.taobao.org%2Fts-node%2Fdownload%2Fts-node-8.5.4.tgz#a152add11fa19c221d0b48962c210cf467262ab2"
  integrity sha1-oVKt0R+hnCIdC0iWLCEM9GcmKrI=
  dependencies:
    arg "^4.1.0"
    diff "^4.0.1"
    make-error "^1.1.1"
    source-map-support "^0.5.6"
    yn "^3.0.0"

typescript@^3.7.4:
  version "3.7.4"
  resolved "https://registry.npm.taobao.org/typescript/download/typescript-3.7.4.tgz#1743a5ec5fef6a1fa9f3e4708e33c81c73876c19"
  integrity sha1-F0Ol7F/vah+p8+RwjjPIHHOHbBk=

yn@^3.0.0:
  version "3.1.1"
  resolved "https://registry.npm.taobao.org/yn/download/yn-3.1.1.tgz#1e87401a09d767c1d5eab26a6e4c185182d2eb50"
  integrity sha1-HodAGgnXZ8HV6rJqbkwYUYLS61A=
